
Microsoft Visual Studio Solution File, Format Version 12.00
# Visual Studio Version 16
Project("{2150E333-8FDC-42A3-9474-1A3956D46DE8}") = "CMake", "CMake", "{0E4EB1B7-18C4-3C29-893D-FFD5FEEC1686}"
EndProject
Project("{2150E333-8FDC-42A3-9474-1A3956D46DE8}") = "SFML", "SFML", "{420705B4-E03A-3F91-85AA-A00DEFB0D8CD}"
EndProject
Project("{8BC9CEB8-8B4A-11D0-8D11-00A0C91BC942}") = "FlappyBird", "FlappyBird.vcxproj", "{994274EA-1FA6-30A1-B2EA-FC68A37ABE85}"
	ProjectSection(ProjectDependencies) = postProject
		{4198EF7E-1514-36B9-83EB-46C4A6071C77} = {4198EF7E-1514-36B9-83EB-46C4A6071C77}
		{B2055594-73D5-35DD-A1EE-2355DE906DA9} = {B2055594-73D5-35DD-A1EE-2355DE906DA9}
		{B8BD22B9-40D5-3F93-A7EA-3ACB9981D8EC} = {B8BD22B9-40D5-3F93-A7EA-3ACB9981D8EC}
		{A9B5EABC-2536-3EFF-9C1B-F221CA3AB0F5} = {A9B5EABC-2536-3EFF-9C1B-F221CA3AB0F5}
		{DA41F760-D574-34CB-AD4C-8CECFC113A87} = {DA41F760-D574-34CB-AD4C-8CECFC113A87}
		{85F009DB-06C0-30C4-A93D-585CA833F8E9} = {85F009DB-06C0-30C4-A93D-585CA833F8E9}
		{A323EB11-5DBE-3DAA-AD73-C420E497C6DF} = {A323EB11-5DBE-3DAA-AD73-C420E497C6DF}
	EndProjectSection
EndProject
Project("{8BC9CEB8-8B4A-11D0-8D11-00A0C91BC942}") = "ALL_BUILD", "ALL_BUILD.vcxproj", "{FC0C2469-9685-30A6-B0A7-50058807F914}"
	ProjectSection(ProjectDependencies) = postProject
		{994274EA-1FA6-30A1-B2EA-FC68A37ABE85} = {994274EA-1FA6-30A1-B2EA-FC68A37ABE85}
		{4198EF7E-1514-36B9-83EB-46C4A6071C77} = {4198EF7E-1514-36B9-83EB-46C4A6071C77}
		{B2055594-73D5-35DD-A1EE-2355DE906DA9} = {B2055594-73D5-35DD-A1EE-2355DE906DA9}
		{B8BD22B9-40D5-3F93-A7EA-3ACB9981D8EC} = {B8BD22B9-40D5-3F93-A7EA-3ACB9981D8EC}
		{A9B5EABC-2536-3EFF-9C1B-F221CA3AB0F5} = {A9B5EABC-2536-3EFF-9C1B-F221CA3AB0F5}
		{F1124420-7F55-365D-894E-F39333022848} = {F1124420-7F55-365D-894E-F39333022848}
		{DA41F760-D574-34CB-AD4C-8CECFC113A87} = {DA41F760-D574-34CB-AD4C-8CECFC113A87}
		{85F009DB-06C0-30C4-A93D-585CA833F8E9} = {85F009DB-06C0-30C4-A93D-585CA833F8E9}
		{A323EB11-5DBE-3DAA-AD73-C420E497C6DF} = {A323EB11-5DBE-3DAA-AD73-C420E497C6DF}
	EndProjectSection
EndProject
Project("{8BC9CEB8-8B4A-11D0-8D11-00A0C91BC942}") = "INSTALL", "INSTALL.vcxproj", "{415F71B8-AC22-319B-97C0-75143E01C751}"
	ProjectSection(ProjectDependencies) = postProject
		{FC0C2469-9685-30A6-B0A7-50058807F914} = {FC0C2469-9685-30A6-B0A7-50058807F914}
		{B2055594-73D5-35DD-A1EE-2355DE906DA9} = {B2055594-73D5-35DD-A1EE-2355DE906DA9}
	EndProjectSection
EndProject
Project("{8BC9CEB8-8B4A-11D0-8D11-00A0C91BC942}") = "TYRANT", "TYRANT\TYRANT.vcxproj", "{4198EF7E-1514-36B9-83EB-46C4A6071C77}"
	ProjectSection(ProjectDependencies) = postProject
		{B2055594-73D5-35DD-A1EE-2355DE906DA9} = {B2055594-73D5-35DD-A1EE-2355DE906DA9}
		{B8BD22B9-40D5-3F93-A7EA-3ACB9981D8EC} = {B8BD22B9-40D5-3F93-A7EA-3ACB9981D8EC}
		{A9B5EABC-2536-3EFF-9C1B-F221CA3AB0F5} = {A9B5EABC-2536-3EFF-9C1B-F221CA3AB0F5}
		{DA41F760-D574-34CB-AD4C-8CECFC113A87} = {DA41F760-D574-34CB-AD4C-8CECFC113A87}
		{85F009DB-06C0-30C4-A93D-585CA833F8E9} = {85F009DB-06C0-30C4-A93D-585CA833F8E9}
		{A323EB11-5DBE-3DAA-AD73-C420E497C6DF} = {A323EB11-5DBE-3DAA-AD73-C420E497C6DF}
	EndProjectSection
EndProject
Project("{8BC9CEB8-8B4A-11D0-8D11-00A0C91BC942}") = "ZERO_CHECK", "ZERO_CHECK.vcxproj", "{B2055594-73D5-35DD-A1EE-2355DE906DA9}"
	ProjectSection(ProjectDependencies) = postProject
	EndProjectSection
EndProject
Project("{8BC9CEB8-8B4A-11D0-8D11-00A0C91BC942}") = "sfml-audio", "TYRANT\vendor\sfml\src\SFML\Audio\sfml-audio.vcxproj", "{B8BD22B9-40D5-3F93-A7EA-3ACB9981D8EC}"
	ProjectSection(ProjectDependencies) = postProject
		{B2055594-73D5-35DD-A1EE-2355DE906DA9} = {B2055594-73D5-35DD-A1EE-2355DE906DA9}
		{85F009DB-06C0-30C4-A93D-585CA833F8E9} = {85F009DB-06C0-30C4-A93D-585CA833F8E9}
	EndProjectSection
EndProject
Project("{8BC9CEB8-8B4A-11D0-8D11-00A0C91BC942}") = "sfml-graphics", "TYRANT\vendor\sfml\src\SFML\Graphics\sfml-graphics.vcxproj", "{A9B5EABC-2536-3EFF-9C1B-F221CA3AB0F5}"
	ProjectSection(ProjectDependencies) = postProject
		{B2055594-73D5-35DD-A1EE-2355DE906DA9} = {B2055594-73D5-35DD-A1EE-2355DE906DA9}
		{85F009DB-06C0-30C4-A93D-585CA833F8E9} = {85F009DB-06C0-30C4-A93D-585CA833F8E9}
		{A323EB11-5DBE-3DAA-AD73-C420E497C6DF} = {A323EB11-5DBE-3DAA-AD73-C420E497C6DF}
	EndProjectSection
EndProject
Project("{8BC9CEB8-8B4A-11D0-8D11-00A0C91BC942}") = "sfml-main", "TYRANT\vendor\sfml\src\SFML\Main\sfml-main.vcxproj", "{F1124420-7F55-365D-894E-F39333022848}"
	ProjectSection(ProjectDependencies) = postProject
		{B2055594-73D5-35DD-A1EE-2355DE906DA9} = {B2055594-73D5-35DD-A1EE-2355DE906DA9}
	EndProjectSection
EndProject
Project("{8BC9CEB8-8B4A-11D0-8D11-00A0C91BC942}") = "sfml-network", "TYRANT\vendor\sfml\src\SFML\Network\sfml-network.vcxproj", "{DA41F760-D574-34CB-AD4C-8CECFC113A87}"
	ProjectSection(ProjectDependencies) = postProject
		{B2055594-73D5-35DD-A1EE-2355DE906DA9} = {B2055594-73D5-35DD-A1EE-2355DE906DA9}
		{85F009DB-06C0-30C4-A93D-585CA833F8E9} = {85F009DB-06C0-30C4-A93D-585CA833F8E9}
	EndProjectSection
EndProject
Project("{8BC9CEB8-8B4A-11D0-8D11-00A0C91BC942}") = "sfml-system", "TYRANT\vendor\sfml\src\SFML\System\sfml-system.vcxproj", "{85F009DB-06C0-30C4-A93D-585CA833F8E9}"
	ProjectSection(ProjectDependencies) = postProject
		{B2055594-73D5-35DD-A1EE-2355DE906DA9} = {B2055594-73D5-35DD-A1EE-2355DE906DA9}
	EndProjectSection
EndProject
Project("{8BC9CEB8-8B4A-11D0-8D11-00A0C91BC942}") = "sfml-window", "TYRANT\vendor\sfml\src\SFML\Window\sfml-window.vcxproj", "{A323EB11-5DBE-3DAA-AD73-C420E497C6DF}"
	ProjectSection(ProjectDependencies) = postProject
		{B2055594-73D5-35DD-A1EE-2355DE906DA9} = {B2055594-73D5-35DD-A1EE-2355DE906DA9}
		{85F009DB-06C0-30C4-A93D-585CA833F8E9} = {85F009DB-06C0-30C4-A93D-585CA833F8E9}
	EndProjectSection
EndProject
Global
	GlobalSection(SolutionConfigurationPlatforms) = preSolution
		Debug|x64 = Debug|x64
		Release|x64 = Release|x64
		MinSizeRel|x64 = MinSizeRel|x64
		RelWithDebInfo|x64 = RelWithDebInfo|x64
	EndGlobalSection
	GlobalSection(ProjectConfigurationPlatforms) = postSolution
		{994274EA-1FA6-30A1-B2EA-FC68A37ABE85}.Debug|x64.ActiveCfg = Debug|x64
		{994274EA-1FA6-30A1-B2EA-FC68A37ABE85}.Debug|x64.Build.0 = Debug|x64
		{994274EA-1FA6-30A1-B2EA-FC68A37ABE85}.Release|x64.ActiveCfg = Release|x64
		{994274EA-1FA6-30A1-B2EA-FC68A37ABE85}.Release|x64.Build.0 = Release|x64
		{994274EA-1FA6-30A1-B2EA-FC68A37ABE85}.MinSizeRel|x64.ActiveCfg = MinSizeRel|x64
		{994274EA-1FA6-30A1-B2EA-FC68A37ABE85}.MinSizeRel|x64.Build.0 = MinSizeRel|x64
		{994274EA-1FA6-30A1-B2EA-FC68A37ABE85}.RelWithDebInfo|x64.ActiveCfg = RelWithDebInfo|x64
		{994274EA-1FA6-30A1-B2EA-FC68A37ABE85}.RelWithDebInfo|x64.Build.0 = RelWithDebInfo|x64
		{FC0C2469-9685-30A6-B0A7-50058807F914}.Debug|x64.ActiveCfg = Debug|x64
		{FC0C2469-9685-30A6-B0A7-50058807F914}.Debug|x64.Build.0 = Debug|x64
		{FC0C2469-9685-30A6-B0A7-50058807F914}.Release|x64.ActiveCfg = Release|x64
		{FC0C2469-9685-30A6-B0A7-50058807F914}.Release|x64.Build.0 = Release|x64
		{FC0C2469-9685-30A6-B0A7-50058807F914}.MinSizeRel|x64.ActiveCfg = MinSizeRel|x64
		{FC0C2469-9685-30A6-B0A7-50058807F914}.MinSizeRel|x64.Build.0 = MinSizeRel|x64
		{FC0C2469-9685-30A6-B0A7-50058807F914}.RelWithDebInfo|x64.ActiveCfg = RelWithDebInfo|x64
		{FC0C2469-9685-30A6-B0A7-50058807F914}.RelWithDebInfo|x64.Build.0 = RelWithDebInfo|x64
		{415F71B8-AC22-319B-97C0-75143E01C751}.Debug|x64.ActiveCfg = Debug|x64
		{415F71B8-AC22-319B-97C0-75143E01C751}.Release|x64.ActiveCfg = Release|x64
		{415F71B8-AC22-319B-97C0-75143E01C751}.MinSizeRel|x64.ActiveCfg = MinSizeRel|x64
		{415F71B8-AC22-319B-97C0-75143E01C751}.RelWithDebInfo|x64.ActiveCfg = RelWithDebInfo|x64
		{4198EF7E-1514-36B9-83EB-46C4A6071C77}.Debug|x64.ActiveCfg = Debug|x64
		{4198EF7E-1514-36B9-83EB-46C4A6071C77}.Debug|x64.Build.0 = Debug|x64
		{4198EF7E-1514-36B9-83EB-46C4A6071C77}.Release|x64.ActiveCfg = Release|x64
		{4198EF7E-1514-36B9-83EB-46C4A6071C77}.Release|x64.Build.0 = Release|x64
		{4198EF7E-1514-36B9-83EB-46C4A6071C77}.MinSizeRel|x64.ActiveCfg = MinSizeRel|x64
		{4198EF7E-1514-36B9-83EB-46C4A6071C77}.MinSizeRel|x64.Build.0 = MinSizeRel|x64
		{4198EF7E-1514-36B9-83EB-46C4A6071C77}.RelWithDebInfo|x64.ActiveCfg = RelWithDebInfo|x64
		{4198EF7E-1514-36B9-83EB-46C4A6071C77}.RelWithDebInfo|x64.Build.0 = RelWithDebInfo|x64
		{B2055594-73D5-35DD-A1EE-2355DE906DA9}.Debug|x64.ActiveCfg = Debug|x64
		{B2055594-73D5-35DD-A1EE-2355DE906DA9}.Debug|x64.Build.0 = Debug|x64
		{B2055594-73D5-35DD-A1EE-2355DE906DA9}.Release|x64.ActiveCfg = Release|x64
		{B2055594-73D5-35DD-A1EE-2355DE906DA9}.Release|x64.Build.0 = Release|x64
		{B2055594-73D5-35DD-A1EE-2355DE906DA9}.MinSizeRel|x64.ActiveCfg = MinSizeRel|x64
		{B2055594-73D5-35DD-A1EE-2355DE906DA9}.MinSizeRel|x64.Build.0 = MinSizeRel|x64
		{B2055594-73D5-35DD-A1EE-2355DE906DA9}.RelWithDebInfo|x64.ActiveCfg = RelWithDebInfo|x64
		{B2055594-73D5-35DD-A1EE-2355DE906DA9}.RelWithDebInfo|x64.Build.0 = RelWithDebInfo|x64
		{B8BD22B9-40D5-3F93-A7EA-3ACB9981D8EC}.Debug|x64.ActiveCfg = Debug|x64
		{B8BD22B9-40D5-3F93-A7EA-3ACB9981D8EC}.Debug|x64.Build.0 = Debug|x64
		{B8BD22B9-40D5-3F93-A7EA-3ACB9981D8EC}.Release|x64.ActiveCfg = Release|x64
		{B8BD22B9-40D5-3F93-A7EA-3ACB9981D8EC}.Release|x64.Build.0 = Release|x64
		{B8BD22B9-40D5-3F93-A7EA-3ACB9981D8EC}.MinSizeRel|x64.ActiveCfg = MinSizeRel|x64
		{B8BD22B9-40D5-3F93-A7EA-3ACB9981D8EC}.MinSizeRel|x64.Build.0 = MinSizeRel|x64
		{B8BD22B9-40D5-3F93-A7EA-3ACB9981D8EC}.RelWithDebInfo|x64.ActiveCfg = RelWithDebInfo|x64
		{B8BD22B9-40D5-3F93-A7EA-3ACB9981D8EC}.RelWithDebInfo|x64.Build.0 = RelWithDebInfo|x64
		{A9B5EABC-2536-3EFF-9C1B-F221CA3AB0F5}.Debug|x64.ActiveCfg = Debug|x64
		{A9B5EABC-2536-3EFF-9C1B-F221CA3AB0F5}.Debug|x64.Build.0 = Debug|x64
		{A9B5EABC-2536-3EFF-9C1B-F221CA3AB0F5}.Release|x64.ActiveCfg = Release|x64
		{A9B5EABC-2536-3EFF-9C1B-F221CA3AB0F5}.Release|x64.Build.0 = Release|x64
		{A9B5EABC-2536-3EFF-9C1B-F221CA3AB0F5}.MinSizeRel|x64.ActiveCfg = MinSizeRel|x64
		{A9B5EABC-2536-3EFF-9C1B-F221CA3AB0F5}.MinSizeRel|x64.Build.0 = MinSizeRel|x64
		{A9B5EABC-2536-3EFF-9C1B-F221CA3AB0F5}.RelWithDebInfo|x64.ActiveCfg = RelWithDebInfo|x64
		{A9B5EABC-2536-3EFF-9C1B-F221CA3AB0F5}.RelWithDebInfo|x64.Build.0 = RelWithDebInfo|x64
		{F1124420-7F55-365D-894E-F39333022848}.Debug|x64.ActiveCfg = Debug|x64
		{F1124420-7F55-365D-894E-F39333022848}.Debug|x64.Build.0 = Debug|x64
		{F1124420-7F55-365D-894E-F39333022848}.Release|x64.ActiveCfg = Release|x64
		{F1124420-7F55-365D-894E-F39333022848}.Release|x64.Build.0 = Release|x64
		{F1124420-7F55-365D-894E-F39333022848}.MinSizeRel|x64.ActiveCfg = MinSizeRel|x64
		{F1124420-7F55-365D-894E-F39333022848}.MinSizeRel|x64.Build.0 = MinSizeRel|x64
		{F1124420-7F55-365D-894E-F39333022848}.RelWithDebInfo|x64.ActiveCfg = RelWithDebInfo|x64
		{F1124420-7F55-365D-894E-F39333022848}.RelWithDebInfo|x64.Build.0 = RelWithDebInfo|x64
		{DA41F760-D574-34CB-AD4C-8CECFC113A87}.Debug|x64.ActiveCfg = Debug|x64
		{DA41F760-D574-34CB-AD4C-8CECFC113A87}.Debug|x64.Build.0 = Debug|x64
		{DA41F760-D574-34CB-AD4C-8CECFC113A87}.Release|x64.ActiveCfg = Release|x64
		{DA41F760-D574-34CB-AD4C-8CECFC113A87}.Release|x64.Build.0 = Release|x64
		{DA41F760-D574-34CB-AD4C-8CECFC113A87}.MinSizeRel|x64.ActiveCfg = MinSizeRel|x64
		{DA41F760-D574-34CB-AD4C-8CECFC113A87}.MinSizeRel|x64.Build.0 = MinSizeRel|x64
		{DA41F760-D574-34CB-AD4C-8CECFC113A87}.RelWithDebInfo|x64.ActiveCfg = RelWithDebInfo|x64
		{DA41F760-D574-34CB-AD4C-8CECFC113A87}.RelWithDebInfo|x64.Build.0 = RelWithDebInfo|x64
		{85F009DB-06C0-30C4-A93D-585CA833F8E9}.Debug|x64.ActiveCfg = Debug|x64
		{85F009DB-06C0-30C4-A93D-585CA833F8E9}.Debug|x64.Build.0 = Debug|x64
		{85F009DB-06C0-30C4-A93D-585CA833F8E9}.Release|x64.ActiveCfg = Release|x64
		{85F009DB-06C0-30C4-A93D-585CA833F8E9}.Release|x64.Build.0 = Release|x64
		{85F009DB-06C0-30C4-A93D-585CA833F8E9}.MinSizeRel|x64.ActiveCfg = MinSizeRel|x64
		{85F009DB-06C0-30C4-A93D-585CA833F8E9}.MinSizeRel|x64.Build.0 = MinSizeRel|x64
		{85F009DB-06C0-30C4-A93D-585CA833F8E9}.RelWithDebInfo|x64.ActiveCfg = RelWithDebInfo|x64
		{85F009DB-06C0-30C4-A93D-585CA833F8E9}.RelWithDebInfo|x64.Build.0 = RelWithDebInfo|x64
		{A323EB11-5DBE-3DAA-AD73-C420E497C6DF}.Debug|x64.ActiveCfg = Debug|x64
		{A323EB11-5DBE-3DAA-AD73-C420E497C6DF}.Debug|x64.Build.0 = Debug|x64
		{A323EB11-5DBE-3DAA-AD73-C420E497C6DF}.Release|x64.ActiveCfg = Release|x64
		{A323EB11-5DBE-3DAA-AD73-C420E497C6DF}.Release|x64.Build.0 = Release|x64
		{A323EB11-5DBE-3DAA-AD73-C420E497C6DF}.MinSizeRel|x64.ActiveCfg = MinSizeRel|x64
		{A323EB11-5DBE-3DAA-AD73-C420E497C6DF}.MinSizeRel|x64.Build.0 = MinSizeRel|x64
		{A323EB11-5DBE-3DAA-AD73-C420E497C6DF}.RelWithDebInfo|x64.ActiveCfg = RelWithDebInfo|x64
		{A323EB11-5DBE-3DAA-AD73-C420E497C6DF}.RelWithDebInfo|x64.Build.0 = RelWithDebInfo|x64
	EndGlobalSection
	GlobalSection(NestedProjects) = preSolution
		{FC0C2469-9685-30A6-B0A7-50058807F914} = {0E4EB1B7-18C4-3C29-893D-FFD5FEEC1686}
		{415F71B8-AC22-319B-97C0-75143E01C751} = {0E4EB1B7-18C4-3C29-893D-FFD5FEEC1686}
		{B2055594-73D5-35DD-A1EE-2355DE906DA9} = {0E4EB1B7-18C4-3C29-893D-FFD5FEEC1686}
		{B8BD22B9-40D5-3F93-A7EA-3ACB9981D8EC} = {420705B4-E03A-3F91-85AA-A00DEFB0D8CD}
		{A9B5EABC-2536-3EFF-9C1B-F221CA3AB0F5} = {420705B4-E03A-3F91-85AA-A00DEFB0D8CD}
		{F1124420-7F55-365D-894E-F39333022848} = {420705B4-E03A-3F91-85AA-A00DEFB0D8CD}
		{DA41F760-D574-34CB-AD4C-8CECFC113A87} = {420705B4-E03A-3F91-85AA-A00DEFB0D8CD}
		{85F009DB-06C0-30C4-A93D-585CA833F8E9} = {420705B4-E03A-3F91-85AA-A00DEFB0D8CD}
		{A323EB11-5DBE-3DAA-AD73-C420E497C6DF} = {420705B4-E03A-3F91-85AA-A00DEFB0D8CD}
	EndGlobalSection
	GlobalSection(ExtensibilityGlobals) = postSolution
		SolutionGuid = {CC1843BE-D418-3477-AB42-44A336370F51}
	EndGlobalSection
	GlobalSection(ExtensibilityAddIns) = postSolution
	EndGlobalSection
EndGlobal
