
Microsoft Visual Studio Solution File, Format Version 12.00
# Visual Studio Version 16
Project("{2150E333-8FDC-42A3-9474-1A3956D46DE8}") = "CMake", "CMake", "{ED66C9B3-50DB-3780-94D5-99BFD40F9726}"
EndProject
Project("{2150E333-8FDC-42A3-9474-1A3956D46DE8}") = "SFML", "SFML", "{C7A67613-87AD-3A76-BE0D-C20C665AB1CA}"
EndProject
Project("{8BC9CEB8-8B4A-11D0-8D11-00A0C91BC942}") = "ALL_BUILD", "ALL_BUILD.vcxproj", "{223D0D99-070C-392D-9177-7A9DE329A77D}"
	ProjectSection(ProjectDependencies) = postProject
		{CD3ECA55-1C80-3C91-880B-2C32CF7B23A0} = {CD3ECA55-1C80-3C91-880B-2C32CF7B23A0}
		{DB9A4A90-854C-37E2-B540-210A2B243BA0} = {DB9A4A90-854C-37E2-B540-210A2B243BA0}
		{E7815E7A-3FBF-34DE-A94A-7945989DB65F} = {E7815E7A-3FBF-34DE-A94A-7945989DB65F}
		{7D441992-1FFA-3454-B3F7-3308CFBBAF20} = {7D441992-1FFA-3454-B3F7-3308CFBBAF20}
		{0025D890-0D92-3134-899F-2976023FB1CD} = {0025D890-0D92-3134-899F-2976023FB1CD}
		{5D127273-7945-3E7F-AEF2-135B97754D9E} = {5D127273-7945-3E7F-AEF2-135B97754D9E}
		{C8A06EC3-664B-3C7D-AE6F-0C0BB5CA163C} = {C8A06EC3-664B-3C7D-AE6F-0C0BB5CA163C}
		{4163685F-C5B3-3757-A36F-AA1EB6ADE398} = {4163685F-C5B3-3757-A36F-AA1EB6ADE398}
	EndProjectSection
EndProject
Project("{8BC9CEB8-8B4A-11D0-8D11-00A0C91BC942}") = "INSTALL", "INSTALL.vcxproj", "{E9D517B0-7649-39FC-B0F7-C6E6D0AF2DF8}"
	ProjectSection(ProjectDependencies) = postProject
		{223D0D99-070C-392D-9177-7A9DE329A77D} = {223D0D99-070C-392D-9177-7A9DE329A77D}
		{DB9A4A90-854C-37E2-B540-210A2B243BA0} = {DB9A4A90-854C-37E2-B540-210A2B243BA0}
	EndProjectSection
EndProject
Project("{8BC9CEB8-8B4A-11D0-8D11-00A0C91BC942}") = "TYRANT", "TYRANT.vcxproj", "{CD3ECA55-1C80-3C91-880B-2C32CF7B23A0}"
	ProjectSection(ProjectDependencies) = postProject
		{DB9A4A90-854C-37E2-B540-210A2B243BA0} = {DB9A4A90-854C-37E2-B540-210A2B243BA0}
		{E7815E7A-3FBF-34DE-A94A-7945989DB65F} = {E7815E7A-3FBF-34DE-A94A-7945989DB65F}
		{7D441992-1FFA-3454-B3F7-3308CFBBAF20} = {7D441992-1FFA-3454-B3F7-3308CFBBAF20}
		{5D127273-7945-3E7F-AEF2-135B97754D9E} = {5D127273-7945-3E7F-AEF2-135B97754D9E}
		{C8A06EC3-664B-3C7D-AE6F-0C0BB5CA163C} = {C8A06EC3-664B-3C7D-AE6F-0C0BB5CA163C}
		{4163685F-C5B3-3757-A36F-AA1EB6ADE398} = {4163685F-C5B3-3757-A36F-AA1EB6ADE398}
	EndProjectSection
EndProject
Project("{8BC9CEB8-8B4A-11D0-8D11-00A0C91BC942}") = "ZERO_CHECK", "ZERO_CHECK.vcxproj", "{DB9A4A90-854C-37E2-B540-210A2B243BA0}"
	ProjectSection(ProjectDependencies) = postProject
	EndProjectSection
EndProject
Project("{8BC9CEB8-8B4A-11D0-8D11-00A0C91BC942}") = "sfml-audio", "vendor\sfml\src\SFML\Audio\sfml-audio.vcxproj", "{E7815E7A-3FBF-34DE-A94A-7945989DB65F}"
	ProjectSection(ProjectDependencies) = postProject
		{DB9A4A90-854C-37E2-B540-210A2B243BA0} = {DB9A4A90-854C-37E2-B540-210A2B243BA0}
		{C8A06EC3-664B-3C7D-AE6F-0C0BB5CA163C} = {C8A06EC3-664B-3C7D-AE6F-0C0BB5CA163C}
	EndProjectSection
EndProject
Project("{8BC9CEB8-8B4A-11D0-8D11-00A0C91BC942}") = "sfml-graphics", "vendor\sfml\src\SFML\Graphics\sfml-graphics.vcxproj", "{7D441992-1FFA-3454-B3F7-3308CFBBAF20}"
	ProjectSection(ProjectDependencies) = postProject
		{DB9A4A90-854C-37E2-B540-210A2B243BA0} = {DB9A4A90-854C-37E2-B540-210A2B243BA0}
		{C8A06EC3-664B-3C7D-AE6F-0C0BB5CA163C} = {C8A06EC3-664B-3C7D-AE6F-0C0BB5CA163C}
		{4163685F-C5B3-3757-A36F-AA1EB6ADE398} = {4163685F-C5B3-3757-A36F-AA1EB6ADE398}
	EndProjectSection
EndProject
Project("{8BC9CEB8-8B4A-11D0-8D11-00A0C91BC942}") = "sfml-main", "vendor\sfml\src\SFML\Main\sfml-main.vcxproj", "{0025D890-0D92-3134-899F-2976023FB1CD}"
	ProjectSection(ProjectDependencies) = postProject
		{DB9A4A90-854C-37E2-B540-210A2B243BA0} = {DB9A4A90-854C-37E2-B540-210A2B243BA0}
	EndProjectSection
EndProject
Project("{8BC9CEB8-8B4A-11D0-8D11-00A0C91BC942}") = "sfml-network", "vendor\sfml\src\SFML\Network\sfml-network.vcxproj", "{5D127273-7945-3E7F-AEF2-135B97754D9E}"
	ProjectSection(ProjectDependencies) = postProject
		{DB9A4A90-854C-37E2-B540-210A2B243BA0} = {DB9A4A90-854C-37E2-B540-210A2B243BA0}
		{C8A06EC3-664B-3C7D-AE6F-0C0BB5CA163C} = {C8A06EC3-664B-3C7D-AE6F-0C0BB5CA163C}
	EndProjectSection
EndProject
Project("{8BC9CEB8-8B4A-11D0-8D11-00A0C91BC942}") = "sfml-system", "vendor\sfml\src\SFML\System\sfml-system.vcxproj", "{C8A06EC3-664B-3C7D-AE6F-0C0BB5CA163C}"
	ProjectSection(ProjectDependencies) = postProject
		{DB9A4A90-854C-37E2-B540-210A2B243BA0} = {DB9A4A90-854C-37E2-B540-210A2B243BA0}
	EndProjectSection
EndProject
Project("{8BC9CEB8-8B4A-11D0-8D11-00A0C91BC942}") = "sfml-window", "vendor\sfml\src\SFML\Window\sfml-window.vcxproj", "{4163685F-C5B3-3757-A36F-AA1EB6ADE398}"
	ProjectSection(ProjectDependencies) = postProject
		{DB9A4A90-854C-37E2-B540-210A2B243BA0} = {DB9A4A90-854C-37E2-B540-210A2B243BA0}
		{C8A06EC3-664B-3C7D-AE6F-0C0BB5CA163C} = {C8A06EC3-664B-3C7D-AE6F-0C0BB5CA163C}
	EndProjectSection
EndProject
Global
	GlobalSection(SolutionConfigurationPlatforms) = preSolution
		Debug|x64 = Debug|x64
		Release|x64 = Release|x64
		MinSizeRel|x64 = MinSizeRel|x64
		RelWithDebInfo|x64 = RelWithDebInfo|x64
	EndGlobalSection
	GlobalSection(ProjectConfigurationPlatforms) = postSolution
		{223D0D99-070C-392D-9177-7A9DE329A77D}.Debug|x64.ActiveCfg = Debug|x64
		{223D0D99-070C-392D-9177-7A9DE329A77D}.Debug|x64.Build.0 = Debug|x64
		{223D0D99-070C-392D-9177-7A9DE329A77D}.Release|x64.ActiveCfg = Release|x64
		{223D0D99-070C-392D-9177-7A9DE329A77D}.Release|x64.Build.0 = Release|x64
		{223D0D99-070C-392D-9177-7A9DE329A77D}.MinSizeRel|x64.ActiveCfg = MinSizeRel|x64
		{223D0D99-070C-392D-9177-7A9DE329A77D}.MinSizeRel|x64.Build.0 = MinSizeRel|x64
		{223D0D99-070C-392D-9177-7A9DE329A77D}.RelWithDebInfo|x64.ActiveCfg = RelWithDebInfo|x64
		{223D0D99-070C-392D-9177-7A9DE329A77D}.RelWithDebInfo|x64.Build.0 = RelWithDebInfo|x64
		{E9D517B0-7649-39FC-B0F7-C6E6D0AF2DF8}.Debug|x64.ActiveCfg = Debug|x64
		{E9D517B0-7649-39FC-B0F7-C6E6D0AF2DF8}.Release|x64.ActiveCfg = Release|x64
		{E9D517B0-7649-39FC-B0F7-C6E6D0AF2DF8}.MinSizeRel|x64.ActiveCfg = MinSizeRel|x64
		{E9D517B0-7649-39FC-B0F7-C6E6D0AF2DF8}.RelWithDebInfo|x64.ActiveCfg = RelWithDebInfo|x64
		{CD3ECA55-1C80-3C91-880B-2C32CF7B23A0}.Debug|x64.ActiveCfg = Debug|x64
		{CD3ECA55-1C80-3C91-880B-2C32CF7B23A0}.Debug|x64.Build.0 = Debug|x64
		{CD3ECA55-1C80-3C91-880B-2C32CF7B23A0}.Release|x64.ActiveCfg = Release|x64
		{CD3ECA55-1C80-3C91-880B-2C32CF7B23A0}.Release|x64.Build.0 = Release|x64
		{CD3ECA55-1C80-3C91-880B-2C32CF7B23A0}.MinSizeRel|x64.ActiveCfg = MinSizeRel|x64
		{CD3ECA55-1C80-3C91-880B-2C32CF7B23A0}.MinSizeRel|x64.Build.0 = MinSizeRel|x64
		{CD3ECA55-1C80-3C91-880B-2C32CF7B23A0}.RelWithDebInfo|x64.ActiveCfg = RelWithDebInfo|x64
		{CD3ECA55-1C80-3C91-880B-2C32CF7B23A0}.RelWithDebInfo|x64.Build.0 = RelWithDebInfo|x64
		{DB9A4A90-854C-37E2-B540-210A2B243BA0}.Debug|x64.ActiveCfg = Debug|x64
		{DB9A4A90-854C-37E2-B540-210A2B243BA0}.Debug|x64.Build.0 = Debug|x64
		{DB9A4A90-854C-37E2-B540-210A2B243BA0}.Release|x64.ActiveCfg = Release|x64
		{DB9A4A90-854C-37E2-B540-210A2B243BA0}.Release|x64.Build.0 = Release|x64
		{DB9A4A90-854C-37E2-B540-210A2B243BA0}.MinSizeRel|x64.ActiveCfg = MinSizeRel|x64
		{DB9A4A90-854C-37E2-B540-210A2B243BA0}.MinSizeRel|x64.Build.0 = MinSizeRel|x64
		{DB9A4A90-854C-37E2-B540-210A2B243BA0}.RelWithDebInfo|x64.ActiveCfg = RelWithDebInfo|x64
		{DB9A4A90-854C-37E2-B540-210A2B243BA0}.RelWithDebInfo|x64.Build.0 = RelWithDebInfo|x64
		{E7815E7A-3FBF-34DE-A94A-7945989DB65F}.Debug|x64.ActiveCfg = Debug|x64
		{E7815E7A-3FBF-34DE-A94A-7945989DB65F}.Debug|x64.Build.0 = Debug|x64
		{E7815E7A-3FBF-34DE-A94A-7945989DB65F}.Release|x64.ActiveCfg = Release|x64
		{E7815E7A-3FBF-34DE-A94A-7945989DB65F}.Release|x64.Build.0 = Release|x64
		{E7815E7A-3FBF-34DE-A94A-7945989DB65F}.MinSizeRel|x64.ActiveCfg = MinSizeRel|x64
		{E7815E7A-3FBF-34DE-A94A-7945989DB65F}.MinSizeRel|x64.Build.0 = MinSizeRel|x64
		{E7815E7A-3FBF-34DE-A94A-7945989DB65F}.RelWithDebInfo|x64.ActiveCfg = RelWithDebInfo|x64
		{E7815E7A-3FBF-34DE-A94A-7945989DB65F}.RelWithDebInfo|x64.Build.0 = RelWithDebInfo|x64
		{7D441992-1FFA-3454-B3F7-3308CFBBAF20}.Debug|x64.ActiveCfg = Debug|x64
		{7D441992-1FFA-3454-B3F7-3308CFBBAF20}.Debug|x64.Build.0 = Debug|x64
		{7D441992-1FFA-3454-B3F7-3308CFBBAF20}.Release|x64.ActiveCfg = Release|x64
		{7D441992-1FFA-3454-B3F7-3308CFBBAF20}.Release|x64.Build.0 = Release|x64
		{7D441992-1FFA-3454-B3F7-3308CFBBAF20}.MinSizeRel|x64.ActiveCfg = MinSizeRel|x64
		{7D441992-1FFA-3454-B3F7-3308CFBBAF20}.MinSizeRel|x64.Build.0 = MinSizeRel|x64
		{7D441992-1FFA-3454-B3F7-3308CFBBAF20}.RelWithDebInfo|x64.ActiveCfg = RelWithDebInfo|x64
		{7D441992-1FFA-3454-B3F7-3308CFBBAF20}.RelWithDebInfo|x64.Build.0 = RelWithDebInfo|x64
		{0025D890-0D92-3134-899F-2976023FB1CD}.Debug|x64.ActiveCfg = Debug|x64
		{0025D890-0D92-3134-899F-2976023FB1CD}.Debug|x64.Build.0 = Debug|x64
		{0025D890-0D92-3134-899F-2976023FB1CD}.Release|x64.ActiveCfg = Release|x64
		{0025D890-0D92-3134-899F-2976023FB1CD}.Release|x64.Build.0 = Release|x64
		{0025D890-0D92-3134-899F-2976023FB1CD}.MinSizeRel|x64.ActiveCfg = MinSizeRel|x64
		{0025D890-0D92-3134-899F-2976023FB1CD}.MinSizeRel|x64.Build.0 = MinSizeRel|x64
		{0025D890-0D92-3134-899F-2976023FB1CD}.RelWithDebInfo|x64.ActiveCfg = RelWithDebInfo|x64
		{0025D890-0D92-3134-899F-2976023FB1CD}.RelWithDebInfo|x64.Build.0 = RelWithDebInfo|x64
		{5D127273-7945-3E7F-AEF2-135B97754D9E}.Debug|x64.ActiveCfg = Debug|x64
		{5D127273-7945-3E7F-AEF2-135B97754D9E}.Debug|x64.Build.0 = Debug|x64
		{5D127273-7945-3E7F-AEF2-135B97754D9E}.Release|x64.ActiveCfg = Release|x64
		{5D127273-7945-3E7F-AEF2-135B97754D9E}.Release|x64.Build.0 = Release|x64
		{5D127273-7945-3E7F-AEF2-135B97754D9E}.MinSizeRel|x64.ActiveCfg = MinSizeRel|x64
		{5D127273-7945-3E7F-AEF2-135B97754D9E}.MinSizeRel|x64.Build.0 = MinSizeRel|x64
		{5D127273-7945-3E7F-AEF2-135B97754D9E}.RelWithDebInfo|x64.ActiveCfg = RelWithDebInfo|x64
		{5D127273-7945-3E7F-AEF2-135B97754D9E}.RelWithDebInfo|x64.Build.0 = RelWithDebInfo|x64
		{C8A06EC3-664B-3C7D-AE6F-0C0BB5CA163C}.Debug|x64.ActiveCfg = Debug|x64
		{C8A06EC3-664B-3C7D-AE6F-0C0BB5CA163C}.Debug|x64.Build.0 = Debug|x64
		{C8A06EC3-664B-3C7D-AE6F-0C0BB5CA163C}.Release|x64.ActiveCfg = Release|x64
		{C8A06EC3-664B-3C7D-AE6F-0C0BB5CA163C}.Release|x64.Build.0 = Release|x64
		{C8A06EC3-664B-3C7D-AE6F-0C0BB5CA163C}.MinSizeRel|x64.ActiveCfg = MinSizeRel|x64
		{C8A06EC3-664B-3C7D-AE6F-0C0BB5CA163C}.MinSizeRel|x64.Build.0 = MinSizeRel|x64
		{C8A06EC3-664B-3C7D-AE6F-0C0BB5CA163C}.RelWithDebInfo|x64.ActiveCfg = RelWithDebInfo|x64
		{C8A06EC3-664B-3C7D-AE6F-0C0BB5CA163C}.RelWithDebInfo|x64.Build.0 = RelWithDebInfo|x64
		{4163685F-C5B3-3757-A36F-AA1EB6ADE398}.Debug|x64.ActiveCfg = Debug|x64
		{4163685F-C5B3-3757-A36F-AA1EB6ADE398}.Debug|x64.Build.0 = Debug|x64
		{4163685F-C5B3-3757-A36F-AA1EB6ADE398}.Release|x64.ActiveCfg = Release|x64
		{4163685F-C5B3-3757-A36F-AA1EB6ADE398}.Release|x64.Build.0 = Release|x64
		{4163685F-C5B3-3757-A36F-AA1EB6ADE398}.MinSizeRel|x64.ActiveCfg = MinSizeRel|x64
		{4163685F-C5B3-3757-A36F-AA1EB6ADE398}.MinSizeRel|x64.Build.0 = MinSizeRel|x64
		{4163685F-C5B3-3757-A36F-AA1EB6ADE398}.RelWithDebInfo|x64.ActiveCfg = RelWithDebInfo|x64
		{4163685F-C5B3-3757-A36F-AA1EB6ADE398}.RelWithDebInfo|x64.Build.0 = RelWithDebInfo|x64
	EndGlobalSection
	GlobalSection(NestedProjects) = preSolution
		{223D0D99-070C-392D-9177-7A9DE329A77D} = {ED66C9B3-50DB-3780-94D5-99BFD40F9726}
		{E9D517B0-7649-39FC-B0F7-C6E6D0AF2DF8} = {ED66C9B3-50DB-3780-94D5-99BFD40F9726}
		{DB9A4A90-854C-37E2-B540-210A2B243BA0} = {ED66C9B3-50DB-3780-94D5-99BFD40F9726}
		{E7815E7A-3FBF-34DE-A94A-7945989DB65F} = {C7A67613-87AD-3A76-BE0D-C20C665AB1CA}
		{7D441992-1FFA-3454-B3F7-3308CFBBAF20} = {C7A67613-87AD-3A76-BE0D-C20C665AB1CA}
		{0025D890-0D92-3134-899F-2976023FB1CD} = {C7A67613-87AD-3A76-BE0D-C20C665AB1CA}
		{5D127273-7945-3E7F-AEF2-135B97754D9E} = {C7A67613-87AD-3A76-BE0D-C20C665AB1CA}
		{C8A06EC3-664B-3C7D-AE6F-0C0BB5CA163C} = {C7A67613-87AD-3A76-BE0D-C20C665AB1CA}
		{4163685F-C5B3-3757-A36F-AA1EB6ADE398} = {C7A67613-87AD-3A76-BE0D-C20C665AB1CA}
	EndGlobalSection
	GlobalSection(ExtensibilityGlobals) = postSolution
		SolutionGuid = {6BF9B981-0BAF-3A36-80C5-527D43DB5C92}
	EndGlobalSection
	GlobalSection(ExtensibilityAddIns) = postSolution
	EndGlobalSection
EndGlobal
