<?xml version="1.0" encoding="utf-8"?>
<Project ToolsVersion="16.0" xmlns="http://schemas.microsoft.com/developer/msbuild/2003">
  <ItemGroup>
    <ClCompile Include="E:\Dev\TYRANT_ENGINE\TYRANT\src\Application.cpp">
      <Filter>Source Files</Filter>
    </ClCompile>
    <ClCompile Include="E:\Dev\TYRANT_ENGINE\TYRANT\src\AssetManager.cpp">
      <Filter>Source Files</Filter>
    </ClCompile>
    <ClCompile Include="E:\Dev\TYRANT_ENGINE\TYRANT\src\Entity.cpp">
      <Filter>Source Files</Filter>
    </ClCompile>
    <ClCompile Include="E:\Dev\TYRANT_ENGINE\TYRANT\src\Level.cpp">
      <Filter>Source Files</Filter>
    </ClCompile>
    <ClCompile Include="E:\Dev\TYRANT_ENGINE\TYRANT\src\Tyrant.cpp">
      <Filter>Source Files</Filter>
    </ClCompile>
    <ClCompile Include="E:\Dev\TYRANT_ENGINE\TYRANT\src\Window.cpp">
      <Filter>Source Files</Filter>
    </ClCompile>
  </ItemGroup>
  <ItemGroup>
    <ClInclude Include="E:\Dev\TYRANT_ENGINE\TYRANT\include\TYRANT\Application.h">
      <Filter>Header Files</Filter>
    </ClInclude>
    <ClInclude Include="E:\Dev\TYRANT_ENGINE\TYRANT\include\TYRANT\AssetManager.h">
      <Filter>Header Files</Filter>
    </ClInclude>
    <ClInclude Include="E:\Dev\TYRANT_ENGINE\TYRANT\include\TYRANT\Core.h">
      <Filter>Header Files</Filter>
    </ClInclude>
    <ClInclude Include="E:\Dev\TYRANT_ENGINE\TYRANT\include\TYRANT\Entity.h">
      <Filter>Header Files</Filter>
    </ClInclude>
    <ClInclude Include="E:\Dev\TYRANT_ENGINE\TYRANT\include\TYRANT\EntryPoint.h">
      <Filter>Header Files</Filter>
    </ClInclude>
    <ClInclude Include="E:\Dev\TYRANT_ENGINE\TYRANT\include\TYRANT\Level.h">
      <Filter>Header Files</Filter>
    </ClInclude>
    <ClInclude Include="E:\Dev\TYRANT_ENGINE\TYRANT\include\TYRANT\Tyrant.h">
      <Filter>Header Files</Filter>
    </ClInclude>
    <ClInclude Include="E:\Dev\TYRANT_ENGINE\TYRANT\include\TYRANT\Window\Window.h">
      <Filter>Header Files</Filter>
    </ClInclude>
  </ItemGroup>
  <ItemGroup>
    <CustomBuild Include="E:\Dev\TYRANT_ENGINE\TYRANT\CMakeLists.txt" />
  </ItemGroup>
  <ItemGroup>
    <Filter Include="Header Files">
      <UniqueIdentifier>{82E2AD87-42E0-36BC-8F62-B260570DC536}</UniqueIdentifier>
    </Filter>
    <Filter Include="Source Files">
      <UniqueIdentifier>{61F633F0-A7F0-3B13-B4C6-B647DDF97D05}</UniqueIdentifier>
    </Filter>
  </ItemGroup>
</Project>
